// !$*UTF8*$!
{
	archiveVersion = 1;
	classes = {
	};
	objectVersion = 50;
	objects = {

/* Begin PBXBuildFile section */
		2E171DF020F3BA8E0065E07F /* AppDelegate.swift in Sources */ = {isa = PBXBuildFile; fileRef = 2E171DEF20F3BA8E0065E07F /* AppDelegate.swift */; };
		2E171DF220F3BA8E0065E07F /* ViewController.swift in Sources */ = {isa = PBXBuildFile; fileRef = 2E171DF120F3BA8E0065E07F /* ViewController.swift */; };
		2E171DF520F3BA8E0065E07F /* Main.storyboard in Resources */ = {isa = PBXBuildFile; fileRef = 2E171DF320F3BA8E0065E07F /* Main.storyboard */; };
		2E171DF720F3BA8F0065E07F /* Assets.xcassets in Resources */ = {isa = PBXBuildFile; fileRef = 2E171DF620F3BA8F0065E07F /* Assets.xcassets */; };
		2E171DFA20F3BA8F0065E07F /* LaunchScreen.storyboard in Resources */ = {isa = PBXBuildFile; fileRef = 2E171DF820F3BA8F0065E07F /* LaunchScreen.storyboard */; };
		2E171E0520F3BA8F0065E07F /* iosmvcbaseTests.swift in Sources */ = {isa = PBXBuildFile; fileRef = 2E171E0420F3BA8F0065E07F /* iosmvcbaseTests.swift */; };
		2E171E1020F3BA8F0065E07F /* iosmvcbaseUITests.swift in Sources */ = {isa = PBXBuildFile; fileRef = 2E171E0F20F3BA8F0065E07F /* iosmvcbaseUITests.swift */; };
/* End PBXBuildFile section */

/* Begin PBXContainerItemProxy section */
		2E171E0120F3BA8F0065E07F /* PBXContainerItemProxy */ = {
			isa = PBXContainerItemProxy;
			containerPortal = 2E171DE420F3BA8E0065E07F /* Project object */;
			proxyType = 1;
			remoteGlobalIDString = 2E171DEB20F3BA8E0065E07F;
			remoteInfo = iosmvcbase;
		};
		2E171E0C20F3BA8F0065E07F /* PBXContainerItemProxy */ = {
			isa = PBXContainerItemProxy;
			containerPortal = 2E171DE420F3BA8E0065E07F /* Project object */;
			proxyType = 1;
			remoteGlobalIDString = 2E171DEB20F3BA8E0065E07F;
			remoteInfo = iosmvcbase;
		};
/* End PBXContainerItemProxy section */

/* Begin PBXFileReference section */
		2E171DEC20F3BA8E0065E07F /* dev.iosmvcbase.app */ = {isa = PBXFileReference; explicitFileType = wrapper.application; includeInIndex = 0; path = dev.iosmvcbase.app; sourceTree = BUILT_PRODUCTS_DIR; };
		2E171DEF20F3BA8E0065E07F /* AppDelegate.swift */ = {isa = PBXFileReference; lastKnownFileType = sourcecode.swift; path = AppDelegate.swift; sourceTree = "<group>"; };
		2E171DF120F3BA8E0065E07F /* ViewController.swift */ = {isa = PBXFileReference; lastKnownFileType = sourcecode.swift; path = ViewController.swift; sourceTree = "<group>"; };
		2E171DF420F3BA8E0065E07F /* Base */ = {isa = PBXFileReference; lastKnownFileType = file.storyboard; name = Base; path = Base.lproj/Main.storyboard; sourceTree = "<group>"; };
		2E171DF620F3BA8F0065E07F /* Assets.xcassets */ = {isa = PBXFileReference; lastKnownFileType = folder.assetcatalog; path = Assets.xcassets; sourceTree = "<group>"; };
		2E171DF920F3BA8F0065E07F /* Base */ = {isa = PBXFileReference; lastKnownFileType = file.storyboard; name = Base; path = Base.lproj/LaunchScreen.storyboard; sourceTree = "<group>"; };
		2E171DFB20F3BA8F0065E07F /* Info.plist */ = {isa = PBXFileReference; lastKnownFileType = text.plist.xml; path = Info.plist; sourceTree = "<group>"; };
		2E171E0020F3BA8F0065E07F /* iosmvcbaseTests.xctest */ = {isa = PBXFileReference; explicitFileType = wrapper.cfbundle; includeInIndex = 0; path = iosmvcbaseTests.xctest; sourceTree = BUILT_PRODUCTS_DIR; };
		2E171E0420F3BA8F0065E07F /* iosmvcbaseTests.swift */ = {isa = PBXFileReference; lastKnownFileType = sourcecode.swift; path = iosmvcbaseTests.swift; sourceTree = "<group>"; };
		2E171E0620F3BA8F0065E07F /* Info.plist */ = {isa = PBXFileReference; lastKnownFileType = text.plist.xml; path = Info.plist; sourceTree = "<group>"; };
		2E171E0B20F3BA8F0065E07F /* iosmvcbaseUITests.xctest */ = {isa = PBXFileReference; explicitFileType = wrapper.cfbundle; includeInIndex = 0; path = iosmvcbaseUITests.xctest; sourceTree = BUILT_PRODUCTS_DIR; };
		2E171E0F20F3BA8F0065E07F /* iosmvcbaseUITests.swift */ = {isa = PBXFileReference; lastKnownFileType = sourcecode.swift; path = iosmvcbaseUITests.swift; sourceTree = "<group>"; };
		2E171E1120F3BA8F0065E07F /* Info.plist */ = {isa = PBXFileReference; lastKnownFileType = text.plist.xml; path = Info.plist; sourceTree = "<group>"; };
/* End PBXFileReference section */

/* Begin PBXFrameworksBuildPhase section */
		2E171DE920F3BA8E0065E07F /* Frameworks */ = {
			isa = PBXFrameworksBuildPhase;
			buildActionMask = 2147483647;
			files = (
			);
			runOnlyForDeploymentPostprocessing = 0;
		};
		2E171DFD20F3BA8F0065E07F /* Frameworks */ = {
			isa = PBXFrameworksBuildPhase;
			buildActionMask = 2147483647;
			files = (
			);
			runOnlyForDeploymentPostprocessing = 0;
		};
		2E171E0820F3BA8F0065E07F /* Frameworks */ = {
			isa = PBXFrameworksBuildPhase;
			buildActionMask = 2147483647;
			files = (
			);
			runOnlyForDeploymentPostprocessing = 0;
		};
/* End PBXFrameworksBuildPhase section */

/* Begin PBXGroup section */
		2E171DE320F3BA8E0065E07F = {
			isa = PBXGroup;
			children = (
				2E171DEE20F3BA8E0065E07F /* iosmvcbase */,
				2E171E0320F3BA8F0065E07F /* iosmvcbaseTests */,
				2E171E0E20F3BA8F0065E07F /* iosmvcbaseUITests */,
				2E171DED20F3BA8E0065E07F /* Products */,
			);
			sourceTree = "<group>";
		};
		2E171DED20F3BA8E0065E07F /* Products */ = {
			isa = PBXGroup;
			children = (
				2E171DEC20F3BA8E0065E07F /* dev.iosmvcbase.app */,
				2E171E0020F3BA8F0065E07F /* iosmvcbaseTests.xctest */,
				2E171E0B20F3BA8F0065E07F /* iosmvcbaseUITests.xctest */,
			);
			name = Products;
			sourceTree = "<group>";
		};
		2E171DEE20F3BA8E0065E07F /* iosmvcbase */ = {
			isa = PBXGroup;
			children = (
				2E171DEF20F3BA8E0065E07F /* AppDelegate.swift */,
				2E171DF120F3BA8E0065E07F /* ViewController.swift */,
				2E171DF320F3BA8E0065E07F /* Main.storyboard */,
				2E171DF620F3BA8F0065E07F /* Assets.xcassets */,
				2E171DF820F3BA8F0065E07F /* LaunchScreen.storyboard */,
				2E171DFB20F3BA8F0065E07F /* Info.plist */,
			);
			path = iosmvcbase;
			sourceTree = "<group>";
		};
		2E171E0320F3BA8F0065E07F /* iosmvcbaseTests */ = {
			isa = PBXGroup;
			children = (
				2E171E0420F3BA8F0065E07F /* iosmvcbaseTests.swift */,
				2E171E0620F3BA8F0065E07F /* Info.plist */,
			);
			path = iosmvcbaseTests;
			sourceTree = "<group>";
		};
		2E171E0E20F3BA8F0065E07F /* iosmvcbaseUITests */ = {
			isa = PBXGroup;
			children = (
				2E171E0F20F3BA8F0065E07F /* iosmvcbaseUITests.swift */,
				2E171E1120F3BA8F0065E07F /* Info.plist */,
			);
			path = iosmvcbaseUITests;
			sourceTree = "<group>";
		};
/* End PBXGroup section */

/* Begin PBXNativeTarget section */
		2E171DEB20F3BA8E0065E07F /* iosmvcbase */ = {
			isa = PBXNativeTarget;
			buildConfigurationList = 2E171E1420F3BA8F0065E07F /* Build configuration list for PBXNativeTarget "iosmvcbase" */;
			buildPhases = (
				2E171DE820F3BA8E0065E07F /* Sources */,
				2E171DE920F3BA8E0065E07F /* Frameworks */,
				2E171DEA20F3BA8E0065E07F /* Resources */,
			);
			buildRules = (
			);
			dependencies = (
			);
			name = iosmvcbase;
			productName = iosmvcbase;
			productReference = 2E171DEC20F3BA8E0065E07F /* dev.iosmvcbase.app */;
			productType = "com.apple.product-type.application";
		};
		2E171DFF20F3BA8F0065E07F /* iosmvcbaseTests */ = {
			isa = PBXNativeTarget;
			buildConfigurationList = 2E171E1720F3BA8F0065E07F /* Build configuration list for PBXNativeTarget "iosmvcbaseTests" */;
			buildPhases = (
				2E171DFC20F3BA8F0065E07F /* Sources */,
				2E171DFD20F3BA8F0065E07F /* Frameworks */,
				2E171DFE20F3BA8F0065E07F /* Resources */,
			);
			buildRules = (
			);
			dependencies = (
				2E171E0220F3BA8F0065E07F /* PBXTargetDependency */,
			);
			name = iosmvcbaseTests;
			productName = iosmvcbaseTests;
			productReference = 2E171E0020F3BA8F0065E07F /* iosmvcbaseTests.xctest */;
			productType = "com.apple.product-type.bundle.unit-test";
		};
		2E171E0A20F3BA8F0065E07F /* iosmvcbaseUITests */ = {
			isa = PBXNativeTarget;
			buildConfigurationList = 2E171E1A20F3BA8F0065E07F /* Build configuration list for PBXNativeTarget "iosmvcbaseUITests" */;
			buildPhases = (
				2E171E0720F3BA8F0065E07F /* Sources */,
				2E171E0820F3BA8F0065E07F /* Frameworks */,
				2E171E0920F3BA8F0065E07F /* Resources */,
			);
			buildRules = (
			);
			dependencies = (
				2E171E0D20F3BA8F0065E07F /* PBXTargetDependency */,
			);
			name = iosmvcbaseUITests;
			productName = iosmvcbaseUITests;
			productReference = 2E171E0B20F3BA8F0065E07F /* iosmvcbaseUITests.xctest */;
			productType = "com.apple.product-type.bundle.ui-testing";
		};
/* End PBXNativeTarget section */

/* Begin PBXProject section */
		2E171DE420F3BA8E0065E07F /* Project object */ = {
			isa = PBXProject;
			attributes = {
				LastSwiftUpdateCheck = 0940;
				LastUpgradeCheck = 0940;
				ORGANIZATIONNAME = "HUNG HOANG";
				TargetAttributes = {
					2E171DEB20F3BA8E0065E07F = {
						CreatedOnToolsVersion = 9.4.1;
					};
					2E171DFF20F3BA8F0065E07F = {
						CreatedOnToolsVersion = 9.4.1;
						TestTargetID = 2E171DEB20F3BA8E0065E07F;
					};
					2E171E0A20F3BA8F0065E07F = {
						CreatedOnToolsVersion = 9.4.1;
						TestTargetID = 2E171DEB20F3BA8E0065E07F;
					};
				};
			};
			buildConfigurationList = 2E171DE720F3BA8E0065E07F /* Build configuration list for PBXProject "iosmvcbase" */;
			compatibilityVersion = "Xcode 9.3";
			developmentRegion = en;
			hasScannedForEncodings = 0;
			knownRegions = (
				en,
				Base,
			);
			mainGroup = 2E171DE320F3BA8E0065E07F;
			productRefGroup = 2E171DED20F3BA8E0065E07F /* Products */;
			projectDirPath = "";
			projectRoot = "";
			targets = (
				2E171DEB20F3BA8E0065E07F /* iosmvcbase */,
				2E171DFF20F3BA8F0065E07F /* iosmvcbaseTests */,
				2E171E0A20F3BA8F0065E07F /* iosmvcbaseUITests */,
			);
		};
/* End PBXProject section */

/* Begin PBXResourcesBuildPhase section */
		2E171DEA20F3BA8E0065E07F /* Resources */ = {
			isa = PBXResourcesBuildPhase;
			buildActionMask = 2147483647;
			files = (
				2E171DFA20F3BA8F0065E07F /* LaunchScreen.storyboard in Resources */,
				2E171DF720F3BA8F0065E07F /* Assets.xcassets in Resources */,
				2E171DF520F3BA8E0065E07F /* Main.storyboard in Resources */,
			);
			runOnlyForDeploymentPostprocessing = 0;
		};
		2E171DFE20F3BA8F0065E07F /* Resources */ = {
			isa = PBXResourcesBuildPhase;
			buildActionMask = 2147483647;
			files = (
			);
			runOnlyForDeploymentPostprocessing = 0;
		};
		2E171E0920F3BA8F0065E07F /* Resources */ = {
			isa = PBXResourcesBuildPhase;
			buildActionMask = 2147483647;
			files = (
			);
			runOnlyForDeploymentPostprocessing = 0;
		};
/* End PBXResourcesBuildPhase section */

/* Begin PBXSourcesBuildPhase section */
		2E171DE820F3BA8E0065E07F /* Sources */ = {
			isa = PBXSourcesBuildPhase;
			buildActionMask = 2147483647;
			files = (
				2E171DF220F3BA8E0065E07F /* ViewController.swift in Sources */,
				2E171DF020F3BA8E0065E07F /* AppDelegate.swift in Sources */,
			);
			runOnlyForDeploymentPostprocessing = 0;
		};
		2E171DFC20F3BA8F0065E07F /* Sources */ = {
			isa = PBXSourcesBuildPhase;
			buildActionMask = 2147483647;
			files = (
				2E171E0520F3BA8F0065E07F /* iosmvcbaseTests.swift in Sources */,
			);
			runOnlyForDeploymentPostprocessing = 0;
		};
		2E171E0720F3BA8F0065E07F /* Sources */ = {
			isa = PBXSourcesBuildPhase;
			buildActionMask = 2147483647;
			files = (
				2E171E1020F3BA8F0065E07F /* iosmvcbaseUITests.swift in Sources */,
			);
			runOnlyForDeploymentPostprocessing = 0;
		};
/* End PBXSourcesBuildPhase section */

/* Begin PBXTargetDependency section */
		2E171E0220F3BA8F0065E07F /* PBXTargetDependency */ = {
			isa = PBXTargetDependency;
			target = 2E171DEB20F3BA8E0065E07F /* iosmvcbase */;
			targetProxy = 2E171E0120F3BA8F0065E07F /* PBXContainerItemProxy */;
		};
		2E171E0D20F3BA8F0065E07F /* PBXTargetDependency */ = {
			isa = PBXTargetDependency;
			target = 2E171DEB20F3BA8E0065E07F /* iosmvcbase */;
			targetProxy = 2E171E0C20F3BA8F0065E07F /* PBXContainerItemProxy */;
		};
/* End PBXTargetDependency section */

/* Begin PBXVariantGroup section */
		2E171DF320F3BA8E0065E07F /* Main.storyboard */ = {
			isa = PBXVariantGroup;
			children = (
				2E171DF420F3BA8E0065E07F /* Base */,
			);
			name = Main.storyboard;
			sourceTree = "<group>";
		};
		2E171DF820F3BA8F0065E07F /* LaunchScreen.storyboard */ = {
			isa = PBXVariantGroup;
			children = (
				2E171DF920F3BA8F0065E07F /* Base */,
			);
			name = LaunchScreen.storyboard;
			sourceTree = "<group>";
		};
/* End PBXVariantGroup section */

/* Begin XCBuildConfiguration section */
		2E171E1220F3BA8F0065E07F /* Develop */ = {
			isa = XCBuildConfiguration;
			buildSettings = {
				ALWAYS_SEARCH_USER_PATHS = NO;
				BUNDLE_ID_SUFFIX = .dev;
				CLANG_ANALYZER_NONNULL = YES;
				CLANG_ANALYZER_NUMBER_OBJECT_CONVERSION = YES_AGGRESSIVE;
				CLANG_CXX_LANGUAGE_STANDARD = "gnu++14";
				CLANG_CXX_LIBRARY = "libc++";
				CLANG_ENABLE_MODULES = YES;
				CLANG_ENABLE_OBJC_ARC = YES;
				CLANG_ENABLE_OBJC_WEAK = YES;
				CLANG_WARN_BLOCK_CAPTURE_AUTORELEASING = YES;
				CLANG_WARN_BOOL_CONVERSION = YES;
				CLANG_WARN_COMMA = YES;
				CLANG_WARN_CONSTANT_CONVERSION = YES;
				CLANG_WARN_DEPRECATED_OBJC_IMPLEMENTATIONS = YES;
				CLANG_WARN_DIRECT_OBJC_ISA_USAGE = YES_ERROR;
				CLANG_WARN_DOCUMENTATION_COMMENTS = YES;
				CLANG_WARN_EMPTY_BODY = YES;
				CLANG_WARN_ENUM_CONVERSION = YES;
				CLANG_WARN_INFINITE_RECURSION = YES;
				CLANG_WARN_INT_CONVERSION = YES;
				CLANG_WARN_NON_LITERAL_NULL_CONVERSION = YES;
				CLANG_WARN_OBJC_IMPLICIT_RETAIN_SELF = YES;
				CLANG_WARN_OBJC_LITERAL_CONVERSION = YES;
				CLANG_WARN_OBJC_ROOT_CLASS = YES_ERROR;
				CLANG_WARN_RANGE_LOOP_ANALYSIS = YES;
				CLANG_WARN_STRICT_PROTOTYPES = YES;
				CLANG_WARN_SUSPICIOUS_MOVE = YES;
				CLANG_WARN_UNGUARDED_AVAILABILITY = YES_AGGRESSIVE;
				CLANG_WARN_UNREACHABLE_CODE = YES;
				CLANG_WARN__DUPLICATE_METHOD_MATCH = YES;
				CODE_SIGN_IDENTITY = "iPhone Developer";
				COPY_PHASE_STRIP = NO;
				DEBUG_INFORMATION_FORMAT = dwarf;
				EIYUUHERO = Developing;
				ENABLE_STRICT_OBJC_MSGSEND = YES;
				ENABLE_TESTABILITY = YES;
				GCC_C_LANGUAGE_STANDARD = gnu11;
				GCC_DYNAMIC_NO_PIC = NO;
				GCC_NO_COMMON_BLOCKS = YES;
				GCC_OPTIMIZATION_LEVEL = 0;
				GCC_PREPROCESSOR_DEFINITIONS = (
					"DEBUG=1",
					"$(inherited)",
				);
				GCC_WARN_64_TO_32_BIT_CONVERSION = YES;
				GCC_WARN_ABOUT_RETURN_TYPE = YES_ERROR;
				GCC_WARN_UNDECLARED_SELECTOR = YES;
				GCC_WARN_UNINITIALIZED_AUTOS = YES_AGGRESSIVE;
				GCC_WARN_UNUSED_FUNCTION = YES;
				GCC_WARN_UNUSED_VARIABLE = YES;
				IPHONEOS_DEPLOYMENT_TARGET = 11.4;
				MTL_ENABLE_DEBUG_INFO = YES;
				ONLY_ACTIVE_ARCH = YES;
				OTHER_SWIFT_FLAGS = "-D DEVELOP";
				SDKROOT = iphoneos;
				SWIFT_ACTIVE_COMPILATION_CONDITIONS = DEVELOP;
				SWIFT_OPTIMIZATION_LEVEL = "-Onone";
			};
			name = Develop;
		};
		2E171E1320F3BA8F0065E07F /* Release */ = {
			isa = XCBuildConfiguration;
			buildSettings = {
				ALWAYS_SEARCH_USER_PATHS = NO;
				BUNDLE_ID_SUFFIX = "";
				CLANG_ANALYZER_NONNULL = YES;
				CLANG_ANALYZER_NUMBER_OBJECT_CONVERSION = YES_AGGRESSIVE;
				CLANG_CXX_LANGUAGE_STANDARD = "gnu++14";
				CLANG_CXX_LIBRARY = "libc++";
				CLANG_ENABLE_MODULES = YES;
				CLANG_ENABLE_OBJC_ARC = YES;
				CLANG_ENABLE_OBJC_WEAK = YES;
				CLANG_WARN_BLOCK_CAPTURE_AUTORELEASING = YES;
				CLANG_WARN_BOOL_CONVERSION = YES;
				CLANG_WARN_COMMA = YES;
				CLANG_WARN_CONSTANT_CONVERSION = YES;
				CLANG_WARN_DEPRECATED_OBJC_IMPLEMENTATIONS = YES;
				CLANG_WARN_DIRECT_OBJC_ISA_USAGE = YES_ERROR;
				CLANG_WARN_DOCUMENTATION_COMMENTS = YES;
				CLANG_WARN_EMPTY_BODY = YES;
				CLANG_WARN_ENUM_CONVERSION = YES;
				CLANG_WARN_INFINITE_RECURSION = YES;
				CLANG_WARN_INT_CONVERSION = YES;
				CLANG_WARN_NON_LITERAL_NULL_CONVERSION = YES;
				CLANG_WARN_OBJC_IMPLICIT_RETAIN_SELF = YES;
				CLANG_WARN_OBJC_LITERAL_CONVERSION = YES;
				CLANG_WARN_OBJC_ROOT_CLASS = YES_ERROR;
				CLANG_WARN_RANGE_LOOP_ANALYSIS = YES;
				CLANG_WARN_STRICT_PROTOTYPES = YES;
				CLANG_WARN_SUSPICIOUS_MOVE = YES;
				CLANG_WARN_UNGUARDED_AVAILABILITY = YES_AGGRESSIVE;
				CLANG_WARN_UNREACHABLE_CODE = YES;
				CLANG_WARN__DUPLICATE_METHOD_MATCH = YES;
				CODE_SIGN_IDENTITY = "iPhone Developer";
				COPY_PHASE_STRIP = NO;
				DEBUG_INFORMATION_FORMAT = "dwarf-with-dsym";
				EIYUUHERO = Production;
				ENABLE_NS_ASSERTIONS = NO;
				ENABLE_STRICT_OBJC_MSGSEND = YES;
				GCC_C_LANGUAGE_STANDARD = gnu11;
				GCC_NO_COMMON_BLOCKS = YES;
				GCC_WARN_64_TO_32_BIT_CONVERSION = YES;
				GCC_WARN_ABOUT_RETURN_TYPE = YES_ERROR;
				GCC_WARN_UNDECLARED_SELECTOR = YES;
				GCC_WARN_UNINITIALIZED_AUTOS = YES_AGGRESSIVE;
				GCC_WARN_UNUSED_FUNCTION = YES;
				GCC_WARN_UNUSED_VARIABLE = YES;
				IPHONEOS_DEPLOYMENT_TARGET = 11.4;
				MTL_ENABLE_DEBUG_INFO = NO;
				SDKROOT = iphoneos;
				SWIFT_COMPILATION_MODE = wholemodule;
				SWIFT_OPTIMIZATION_LEVEL = "-O";
				VALIDATE_PRODUCT = YES;
			};
			name = Release;
		};
		2E171E1520F3BA8F0065E07F /* Develop */ = {
			isa = XCBuildConfiguration;
			buildSettings = {
				ASSETCATALOG_COMPILER_APPICON_NAME = "AppIcon${BUNDLE_ID_SUFFIX}";
				CODE_SIGN_STYLE = Automatic;
				DEVELOPMENT_TEAM = TA299Y9HY4;
				INFOPLIST_FILE = iosmvcbase/Info.plist;
				LD_RUNPATH_SEARCH_PATHS = (
					"$(inherited)",
					"@executable_path/Frameworks",
				);
				PRODUCT_BUNDLE_IDENTIFIER = "com.eiyuu.iosmvcbase${BUNDLE_ID_SUFFIX}";
				PRODUCT_NAME = "${PRODUCT_NAME_PREFIX}$(TARGET_NAME)";
				PRODUCT_NAME_PREFIX = dev.;
				SWIFT_VERSION = 4.0;
				TARGETED_DEVICE_FAMILY = "1,2";
			};
			name = Develop;
		};
		2E171E1620F3BA8F0065E07F /* Release */ = {
			isa = XCBuildConfiguration;
			buildSettings = {
				ASSETCATALOG_COMPILER_APPICON_NAME = "AppIcon${BUNDLE_ID_SUFFIX}";
				CODE_SIGN_STYLE = Automatic;
				DEVELOPMENT_TEAM = TA299Y9HY4;
				INFOPLIST_FILE = iosmvcbase/Info.plist;
				LD_RUNPATH_SEARCH_PATHS = (
					"$(inherited)",
					"@executable_path/Frameworks",
				);
				PRODUCT_BUNDLE_IDENTIFIER = "com.eiyuu.iosmvcbase${BUNDLE_ID_SUFFIX}";
				PRODUCT_NAME = "${PRODUCT_NAME_PREFIX}$(TARGET_NAME)";
				PRODUCT_NAME_PREFIX = "";
				SWIFT_VERSION = 4.0;
				TARGETED_DEVICE_FAMILY = "1,2";
			};
			name = Release;
		};
		2E171E1820F3BA8F0065E07F /* Develop */ = {
			isa = XCBuildConfiguration;
			buildSettings = {
				ALWAYS_EMBED_SWIFT_STANDARD_LIBRARIES = YES;
				BUNDLE_LOADER = "$(TEST_HOST)";
				CODE_SIGN_STYLE = Automatic;
				DEVELOPMENT_TEAM = TA299Y9HY4;
				INFOPLIST_FILE = iosmvcbaseTests/Info.plist;
				LD_RUNPATH_SEARCH_PATHS = (
					"$(inherited)",
					"@executable_path/Frameworks",
					"@loader_path/Frameworks",
				);
				PRODUCT_BUNDLE_IDENTIFIER = com.eiyuu.iosmvcbaseTests;
				PRODUCT_NAME = "$(TARGET_NAME)";
				SWIFT_VERSION = 4.0;
				TARGETED_DEVICE_FAMILY = "1,2";
				TEST_HOST = "$(BUILT_PRODUCTS_DIR)/iosmvcbase.app/iosmvcbase";
			};
			name = Develop;
		};
		2E171E1920F3BA8F0065E07F /* Release */ = {
			isa = XCBuildConfiguration;
			buildSettings = {
				ALWAYS_EMBED_SWIFT_STANDARD_LIBRARIES = YES;
				BUNDLE_LOADER = "$(TEST_HOST)";
				CODE_SIGN_STYLE = Automatic;
				DEVELOPMENT_TEAM = TA299Y9HY4;
				INFOPLIST_FILE = iosmvcbaseTests/Info.plist;
				LD_RUNPATH_SEARCH_PATHS = (
					"$(inherited)",
					"@executable_path/Frameworks",
					"@loader_path/Frameworks",
				);
				PRODUCT_BUNDLE_IDENTIFIER = com.eiyuu.iosmvcbaseTests;
				PRODUCT_NAME = "$(TARGET_NAME)";
				SWIFT_VERSION = 4.0;
				TARGETED_DEVICE_FAMILY = "1,2";
				TEST_HOST = "$(BUILT_PRODUCTS_DIR)/iosmvcbase.app/iosmvcbase";
			};
			name = Release;
		};
		2E171E1B20F3BA8F0065E07F /* Develop */ = {
			isa = XCBuildConfiguration;
			buildSettings = {
				ALWAYS_EMBED_SWIFT_STANDARD_LIBRARIES = YES;
				CODE_SIGN_STYLE = Automatic;
				DEVELOPMENT_TEAM = TA299Y9HY4;
				INFOPLIST_FILE = iosmvcbaseUITests/Info.plist;
				LD_RUNPATH_SEARCH_PATHS = (
					"$(inherited)",
					"@executable_path/Frameworks",
					"@loader_path/Frameworks",
				);
				PRODUCT_BUNDLE_IDENTIFIER = com.eiyuu.iosmvcbaseUITests;
				PRODUCT_NAME = "$(TARGET_NAME)";
				SWIFT_VERSION = 4.0;
				TARGETED_DEVICE_FAMILY = "1,2";
				TEST_TARGET_NAME = iosmvcbase;
			};
			name = Develop;
		};
		2E171E1C20F3BA8F0065E07F /* Release */ = {
			isa = XCBuildConfiguration;
			buildSettings = {
				ALWAYS_EMBED_SWIFT_STANDARD_LIBRARIES = YES;
				CODE_SIGN_STYLE = Automatic;
				DEVELOPMENT_TEAM = TA299Y9HY4;
				INFOPLIST_FILE = iosmvcbaseUITests/Info.plist;
				LD_RUNPATH_SEARCH_PATHS = (
					"$(inherited)",
					"@executable_path/Frameworks",
					"@loader_path/Frameworks",
				);
				PRODUCT_BUNDLE_IDENTIFIER = com.eiyuu.iosmvcbaseUITests;
				PRODUCT_NAME = "$(TARGET_NAME)";
				SWIFT_VERSION = 4.0;
				TARGETED_DEVICE_FAMILY = "1,2";
				TEST_TARGET_NAME = iosmvcbase;
			};
			name = Release;
		};
		2E171E1D20F3BC4C0065E07F /* Staging */ = {
			isa = XCBuildConfiguration;
			buildSettings = {
				ALWAYS_SEARCH_USER_PATHS = NO;
				BUNDLE_ID_SUFFIX = .stage;
				CLANG_ANALYZER_NONNULL = YES;
				CLANG_ANALYZER_NUMBER_OBJECT_CONVERSION = YES_AGGRESSIVE;
				CLANG_CXX_LANGUAGE_STANDARD = "gnu++14";
				CLANG_CXX_LIBRARY = "libc++";
				CLANG_ENABLE_MODULES = YES;
				CLANG_ENABLE_OBJC_ARC = YES;
				CLANG_ENABLE_OBJC_WEAK = YES;
				CLANG_WARN_BLOCK_CAPTURE_AUTORELEASING = YES;
				CLANG_WARN_BOOL_CONVERSION = YES;
				CLANG_WARN_COMMA = YES;
				CLANG_WARN_CONSTANT_CONVERSION = YES;
				CLANG_WARN_DEPRECATED_OBJC_IMPLEMENTATIONS = YES;
				CLANG_WARN_DIRECT_OBJC_ISA_USAGE = YES_ERROR;
				CLANG_WARN_DOCUMENTATION_COMMENTS = YES;
				CLANG_WARN_EMPTY_BODY = YES;
				CLANG_WARN_ENUM_CONVERSION = YES;
				CLANG_WARN_INFINITE_RECURSION = YES;
				CLANG_WARN_INT_CONVERSION = YES;
				CLANG_WARN_NON_LITERAL_NULL_CONVERSION = YES;
				CLANG_WARN_OBJC_IMPLICIT_RETAIN_SELF = YES;
				CLANG_WARN_OBJC_LITERAL_CONVERSION = YES;
				CLANG_WARN_OBJC_ROOT_CLASS = YES_ERROR;
				CLANG_WARN_RANGE_LOOP_ANALYSIS = YES;
				CLANG_WARN_STRICT_PROTOTYPES = YES;
				CLANG_WARN_SUSPICIOUS_MOVE = YES;
				CLANG_WARN_UNGUARDED_AVAILABILITY = YES_AGGRESSIVE;
				CLANG_WARN_UNREACHABLE_CODE = YES;
				CLANG_WARN__DUPLICATE_METHOD_MATCH = YES;
				CODE_SIGN_IDENTITY = "iPhone Developer";
				COPY_PHASE_STRIP = NO;
				DEBUG_INFORMATION_FORMAT = dwarf;
				EIYUUHERO = Staging;
				ENABLE_STRICT_OBJC_MSGSEND = YES;
				ENABLE_TESTABILITY = YES;
				GCC_C_LANGUAGE_STANDARD = gnu11;
				GCC_DYNAMIC_NO_PIC = NO;
				GCC_NO_COMMON_BLOCKS = YES;
				GCC_OPTIMIZATION_LEVEL = 0;
				GCC_PREPROCESSOR_DEFINITIONS = (
					"STAGING=1",
					"$(inherited)",
				);
				GCC_WARN_64_TO_32_BIT_CONVERSION = YES;
				GCC_WARN_ABOUT_RETURN_TYPE = YES_ERROR;
				GCC_WARN_UNDECLARED_SELECTOR = YES;
				GCC_WARN_UNINITIALIZED_AUTOS = YES_AGGRESSIVE;
				GCC_WARN_UNUSED_FUNCTION = YES;
				GCC_WARN_UNUSED_VARIABLE = YES;
				IPHONEOS_DEPLOYMENT_TARGET = 11.4;
				MTL_ENABLE_DEBUG_INFO = YES;
				ONLY_ACTIVE_ARCH = YES;
				OTHER_SWIFT_FLAGS = "-D STAGING";
				SDKROOT = iphoneos;
				SWIFT_ACTIVE_COMPILATION_CONDITIONS = STAGING;
				SWIFT_OPTIMIZATION_LEVEL = "-Onone";
			};
			name = Staging;
		};
		2E171E1E20F3BC4C0065E07F /* Staging */ = {
			isa = XCBuildConfiguration;
			buildSettings = {
				ASSETCATALOG_COMPILER_APPICON_NAME = "AppIcon${BUNDLE_ID_SUFFIX}";
				CODE_SIGN_STYLE = Automatic;
				DEVELOPMENT_TEAM = TA299Y9HY4;
				INFOPLIST_FILE = iosmvcbase/Info.plist;
				LD_RUNPATH_SEARCH_PATHS = (
					"$(inherited)",
					"@executable_path/Frameworks",
				);
				PRODUCT_BUNDLE_IDENTIFIER = "com.eiyuu.iosmvcbase${BUNDLE_ID_SUFFIX}";
				PRODUCT_NAME = "${PRODUCT_NAME_PREFIX}$(TARGET_NAME)";
				PRODUCT_NAME_PREFIX = stage.;
				SWIFT_VERSION = 4.0;
				TARGETED_DEVICE_FAMILY = "1,2";
			};
			name = Staging;
		};
		2E171E1F20F3BC4C0065E07F /* Staging */ = {
			isa = XCBuildConfiguration;
			buildSettings = {
				ALWAYS_EMBED_SWIFT_STANDARD_LIBRARIES = YES;
				BUNDLE_LOADER = "$(TEST_HOST)";
				CODE_SIGN_STYLE = Automatic;
				DEVELOPMENT_TEAM = TA299Y9HY4;
				INFOPLIST_FILE = iosmvcbaseTests/Info.plist;
				LD_RUNPATH_SEARCH_PATHS = (
					"$(inherited)",
					"@executable_path/Frameworks",
					"@loader_path/Frameworks",
				);
				PRODUCT_BUNDLE_IDENTIFIER = com.eiyuu.iosmvcbaseTests;
				PRODUCT_NAME = "$(TARGET_NAME)";
				SWIFT_VERSION = 4.0;
				TARGETED_DEVICE_FAMILY = "1,2";
				TEST_HOST = "$(BUILT_PRODUCTS_DIR)/iosmvcbase.app/iosmvcbase";
			};
			name = Staging;
		};
		2E171E2020F3BC4C0065E07F /* Staging */ = {
			isa = XCBuildConfiguration;
			buildSettings = {
				ALWAYS_EMBED_SWIFT_STANDARD_LIBRARIES = YES;
				CODE_SIGN_STYLE = Automatic;
				DEVELOPMENT_TEAM = TA299Y9HY4;
				INFOPLIST_FILE = iosmvcbaseUITests/Info.plist;
				LD_RUNPATH_SEARCH_PATHS = (
					"$(inherited)",
					"@executable_path/Frameworks",
					"@loader_path/Frameworks",
				);
				PRODUCT_BUNDLE_IDENTIFIER = com.eiyuu.iosmvcbaseUITests;
				PRODUCT_NAME = "$(TARGET_NAME)";
				SWIFT_VERSION = 4.0;
				TARGETED_DEVICE_FAMILY = "1,2";
				TEST_TARGET_NAME = iosmvcbase;
			};
			name = Staging;
		};
/* End XCBuildConfiguration section */

/* Begin XCConfigurationList section */
		2E171DE720F3BA8E0065E07F /* Build configuration list for PBXProject "iosmvcbase" */ = {
			isa = XCConfigurationList;
			buildConfigurations = (
				2E171E1220F3BA8F0065E07F /* Develop */,
				2E171E1D20F3BC4C0065E07F /* Staging */,
				2E171E1320F3BA8F0065E07F /* Release */,
			);
			defaultConfigurationIsVisible = 0;
			defaultConfigurationName = Release;
		};
		2E171E1420F3BA8F0065E07F /* Build configuration list for PBXNativeTarget "iosmvcbase" */ = {
			isa = XCConfigurationList;
			buildConfigurations = (
				2E171E1520F3BA8F0065E07F /* Develop */,
				2E171E1E20F3BC4C0065E07F /* Staging */,
				2E171E1620F3BA8F0065E07F /* Release */,
			);
			defaultConfigurationIsVisible = 0;
			defaultConfigurationName = Release;
		};
		2E171E1720F3BA8F0065E07F /* Build configuration list for PBXNativeTarget "iosmvcbaseTests" */ = {
			isa = XCConfigurationList;
			buildConfigurations = (
				2E171E1820F3BA8F0065E07F /* Develop */,
				2E171E1F20F3BC4C0065E07F /* Staging */,
				2E171E1920F3BA8F0065E07F /* Release */,
			);
			defaultConfigurationIsVisible = 0;
			defaultConfigurationName = Release;
		};
		2E171E1A20F3BA8F0065E07F /* Build configuration list for PBXNativeTarget "iosmvcbaseUITests" */ = {
			isa = XCConfigurationList;
			buildConfigurations = (
				2E171E1B20F3BA8F0065E07F /* Develop */,
				2E171E2020F3BC4C0065E07F /* Staging */,
				2E171E1C20F3BA8F0065E07F /* Release */,
			);
			defaultConfigurationIsVisible = 0;
			defaultConfigurationName = Release;
		};
/* End XCConfigurationList section */
	};
	rootObject = 2E171DE420F3BA8E0065E07F /* Project object */;
}
